
Microsoft Visual Studio Solution File, Format Version 12.00
# Visual Studio 2012
Project("{FAE04EC0-301F-11D3-BF4B-00C04F79EFBC}") = "CheckinApp_Facebook", "CheckinApp_Facebook\CheckinApp_Facebook.csproj", "{A1B2B5E1-3FBC-44F1-B963-834C95819D9D}"
EndProject
Global
	GlobalSection(SolutionConfigurationPlatforms) = preSolution
		Debug|Any CPU = Debug|Any CPU
		Release|Any CPU = Release|Any CPU
	EndGlobalSection
	GlobalSection(ProjectConfigurationPlatforms) = postSolution
		{A1B2B5E1-3FBC-44F1-B963-834C95819D9D}.Debug|Any CPU.ActiveCfg = Debug|Any CPU
		{A1B2B5E1-3FBC-44F1-B963-834C95819D9D}.Debug|Any CPU.Build.0 = Debug|Any CPU
		{A1B2B5E1-3FBC-44F1-B963-834C95819D9D}.Release|Any CPU.ActiveCfg = Release|Any CPU
		{A1B2B5E1-3FBC-44F1-B963-834C95819D9D}.Release|Any CPU.Build.0 = Release|Any CPU
	EndGlobalSection
	GlobalSection(MonoDevelopProperties) = preSolution
		StartupItem = CheckinApp_Facebook\CheckinApp_Facebook.csproj
	EndGlobalSection
EndGlobal
